
Microsoft Visual Studio Solution File, Format Version 12.00
# Visual Studio Version 17
VisualStudioVersion = 17.11.35219.272
MinimumVisualStudioVersion = 10.0.40219.1
Project("{8BC9CEB8-8B4A-11D0-8D11-00A0C91BC942}") = "HelloOpenGL", "HelloOpenGL\HelloOpenGL.vcxproj", "{4B6A327B-60C3-43D2-88C4-E3CDCC083AE8}"
EndProject
Project("{8BC9CEB8-8B4A-11D0-8D11-00A0C91BC942}") = "glad", "glad\glad.vcxitems", "{523D6781-5168-4872-ACDD-86FF68E5C891}"
EndProject
Project("{8BC9CEB8-8B4A-11D0-8D11-00A0C91BC942}") = "HelloTriangle", "HelloTriangle\HelloTriangle.vcxproj", "{29C6F0F1-49AF-4826-8111-C4EA0A2F0D42}"
EndProject
Project("{8BC9CEB8-8B4A-11D0-8D11-00A0C91BC942}") = "HelloPiramid", "HelloPiramid\HelloPiramid.vcxproj", "{66E5BD5C-6209-480B-91D1-BAFDCD948D02}"
EndProject
Global
	GlobalSection(SolutionConfigurationPlatforms) = preSolution
		Debug|x64 = Debug|x64
		Debug|x86 = Debug|x86
		Release|x64 = Release|x64
		Release|x86 = Release|x86
	EndGlobalSection
	GlobalSection(ProjectConfigurationPlatforms) = postSolution
		{4B6A327B-60C3-43D2-88C4-E3CDCC083AE8}.Debug|x64.ActiveCfg = Debug|x64
		{4B6A327B-60C3-43D2-88C4-E3CDCC083AE8}.Debug|x64.Build.0 = Debug|x64
		{4B6A327B-60C3-43D2-88C4-E3CDCC083AE8}.Debug|x86.ActiveCfg = Debug|Win32
		{4B6A327B-60C3-43D2-88C4-E3CDCC083AE8}.Debug|x86.Build.0 = Debug|Win32
		{4B6A327B-60C3-43D2-88C4-E3CDCC083AE8}.Release|x64.ActiveCfg = Release|x64
		{4B6A327B-60C3-43D2-88C4-E3CDCC083AE8}.Release|x64.Build.0 = Release|x64
		{4B6A327B-60C3-43D2-88C4-E3CDCC083AE8}.Release|x86.ActiveCfg = Release|Win32
		{4B6A327B-60C3-43D2-88C4-E3CDCC083AE8}.Release|x86.Build.0 = Release|Win32
		{29C6F0F1-49AF-4826-8111-C4EA0A2F0D42}.Debug|x64.ActiveCfg = Debug|x64
		{29C6F0F1-49AF-4826-8111-C4EA0A2F0D42}.Debug|x64.Build.0 = Debug|x64
		{29C6F0F1-49AF-4826-8111-C4EA0A2F0D42}.Debug|x86.ActiveCfg = Debug|Win32
		{29C6F0F1-49AF-4826-8111-C4EA0A2F0D42}.Debug|x86.Build.0 = Debug|Win32
		{29C6F0F1-49AF-4826-8111-C4EA0A2F0D42}.Release|x64.ActiveCfg = Release|x64
		{29C6F0F1-49AF-4826-8111-C4EA0A2F0D42}.Release|x64.Build.0 = Release|x64
		{29C6F0F1-49AF-4826-8111-C4EA0A2F0D42}.Release|x86.ActiveCfg = Release|Win32
		{29C6F0F1-49AF-4826-8111-C4EA0A2F0D42}.Release|x86.Build.0 = Release|Win32
		{66E5BD5C-6209-480B-91D1-BAFDCD948D02}.Debug|x64.ActiveCfg = Debug|x64
		{66E5BD5C-6209-480B-91D1-BAFDCD948D02}.Debug|x64.Build.0 = Debug|x64
		{66E5BD5C-6209-480B-91D1-BAFDCD948D02}.Debug|x86.ActiveCfg = Debug|Win32
		{66E5BD5C-6209-480B-91D1-BAFDCD948D02}.Debug|x86.Build.0 = Debug|Win32
		{66E5BD5C-6209-480B-91D1-BAFDCD948D02}.Release|x64.ActiveCfg = Release|x64
		{66E5BD5C-6209-480B-91D1-BAFDCD948D02}.Release|x64.Build.0 = Release|x64
		{66E5BD5C-6209-480B-91D1-BAFDCD948D02}.Release|x86.ActiveCfg = Release|Win32
		{66E5BD5C-6209-480B-91D1-BAFDCD948D02}.Release|x86.Build.0 = Release|Win32
	EndGlobalSection
	GlobalSection(SolutionProperties) = preSolution
		HideSolutionNode = FALSE
	EndGlobalSection
	GlobalSection(ExtensibilityGlobals) = postSolution
		SolutionGuid = {07C182AB-C7B0-4D79-A9A5-931BCF6650F6}
	EndGlobalSection
	GlobalSection(SharedMSBuildProjectFiles) = preSolution
		glad\glad.vcxitems*{29c6f0f1-49af-4826-8111-c4ea0a2f0d42}*SharedItemsImports = 4
		glad\glad.vcxitems*{4b6a327b-60c3-43d2-88c4-e3cdcc083ae8}*SharedItemsImports = 4
		glad\glad.vcxitems*{523d6781-5168-4872-acdd-86ff68e5c891}*SharedItemsImports = 9
		glad\glad.vcxitems*{66e5bd5c-6209-480b-91d1-bafdcd948d02}*SharedItemsImports = 4
	EndGlobalSection
EndGlobal
